// !$*UTF8*$!
{
	archiveVersion = 1;
	classes = {
	};
	objectVersion = 56;
	objects = {

/* Begin PBXBuildFile section */
		FE7EFB792B4D09B80018B2A3 /* AppDelegate.swift in Sources */ = {isa = PBXBuildFile; fileRef = FE7EFB782B4D09B80018B2A3 /* AppDelegate.swift */; };
		FE7EFB7B2B4D09B80018B2A3 /* SceneDelegate.swift in Sources */ = {isa = PBXBuildFile; fileRef = FE7EFB7A2B4D09B80018B2A3 /* SceneDelegate.swift */; };
		FE7EFB7D2B4D09B80018B2A3 /* ViewController.swift in Sources */ = {isa = PBXBuildFile; fileRef = FE7EFB7C2B4D09B80018B2A3 /* ViewController.swift */; };
		FE7EFB802B4D09B80018B2A3 /* Main.storyboard in Resources */ = {isa = PBXBuildFile; fileRef = FE7EFB7E2B4D09B80018B2A3 /* Main.storyboard */; };
		FE7EFB822B4D09BA0018B2A3 /* Assets.xcassets in Resources */ = {isa = PBXBuildFile; fileRef = FE7EFB812B4D09BA0018B2A3 /* Assets.xcassets */; };
		FE7EFB852B4D09BA0018B2A3 /* LaunchScreen.storyboard in Resources */ = {isa = PBXBuildFile; fileRef = FE7EFB832B4D09BA0018B2A3 /* LaunchScreen.storyboard */; };
		FE7EFB8D2B4D09FC0018B2A3 /* NameTextField.swift in Sources */ = {isa = PBXBuildFile; fileRef = FE7EFB8C2B4D09FC0018B2A3 /* NameTextField.swift */; };
		FE7EFB8F2B4D0A170018B2A3 /* Constants.swift in Sources */ = {isa = PBXBuildFile; fileRef = FE7EFB8E2B4D0A170018B2A3 /* Constants.swift */; };
		FE7EFB912B4D0A310018B2A3 /* SAButton.swift in Sources */ = {isa = PBXBuildFile; fileRef = FE7EFB902B4D0A310018B2A3 /* SAButton.swift */; };
/* End PBXBuildFile section */

/* Begin PBXFileReference section */
		FE7EFB752B4D09B80018B2A3 /* BasicUserDefaults.app */ = {isa = PBXFileReference; explicitFileType = wrapper.application; includeInIndex = 0; path = BasicUserDefaults.app; sourceTree = BUILT_PRODUCTS_DIR; };
		FE7EFB782B4D09B80018B2A3 /* AppDelegate.swift */ = {isa = PBXFileReference; lastKnownFileType = sourcecode.swift; path = AppDelegate.swift; sourceTree = "<group>"; };
		FE7EFB7A2B4D09B80018B2A3 /* SceneDelegate.swift */ = {isa = PBXFileReference; lastKnownFileType = sourcecode.swift; path = SceneDelegate.swift; sourceTree = "<group>"; };
		FE7EFB7C2B4D09B80018B2A3 /* ViewController.swift */ = {isa = PBXFileReference; lastKnownFileType = sourcecode.swift; path = ViewController.swift; sourceTree = "<group>"; };
		FE7EFB7F2B4D09B80018B2A3 /* Base */ = {isa = PBXFileReference; lastKnownFileType = file.storyboard; name = Base; path = Base.lproj/Main.storyboard; sourceTree = "<group>"; };
		FE7EFB812B4D09BA0018B2A3 /* Assets.xcassets */ = {isa = PBXFileReference; lastKnownFileType = folder.assetcatalog; path = Assets.xcassets; sourceTree = "<group>"; };
		FE7EFB842B4D09BA0018B2A3 /* Base */ = {isa = PBXFileReference; lastKnownFileType = file.storyboard; name = Base; path = Base.lproj/LaunchScreen.storyboard; sourceTree = "<group>"; };
		FE7EFB862B4D09BA0018B2A3 /* Info.plist */ = {isa = PBXFileReference; lastKnownFileType = text.plist.xml; path = Info.plist; sourceTree = "<group>"; };
		FE7EFB8C2B4D09FC0018B2A3 /* NameTextField.swift */ = {isa = PBXFileReference; lastKnownFileType = sourcecode.swift; path = NameTextField.swift; sourceTree = "<group>"; };
		FE7EFB8E2B4D0A170018B2A3 /* Constants.swift */ = {isa = PBXFileReference; lastKnownFileType = sourcecode.swift; path = Constants.swift; sourceTree = "<group>"; };
		FE7EFB902B4D0A310018B2A3 /* SAButton.swift */ = {isa = PBXFileReference; lastKnownFileType = sourcecode.swift; path = SAButton.swift; sourceTree = "<group>"; };
/* End PBXFileReference section */

/* Begin PBXFrameworksBuildPhase section */
		FE7EFB722B4D09B80018B2A3 /* Frameworks */ = {
			isa = PBXFrameworksBuildPhase;
			buildActionMask = 2147483647;
			files = (
			);
			runOnlyForDeploymentPostprocessing = 0;
		};
/* End PBXFrameworksBuildPhase section */

/* Begin PBXGroup section */
		FE7EFB6C2B4D09B80018B2A3 = {
			isa = PBXGroup;
			children = (
				FE7EFB772B4D09B80018B2A3 /* BasicUserDefaults */,
				FE7EFB762B4D09B80018B2A3 /* Products */,
			);
			sourceTree = "<group>";
		};
		FE7EFB762B4D09B80018B2A3 /* Products */ = {
			isa = PBXGroup;
			children = (
				FE7EFB752B4D09B80018B2A3 /* BasicUserDefaults.app */,
			);
			name = Products;
			sourceTree = "<group>";
		};
		FE7EFB772B4D09B80018B2A3 /* BasicUserDefaults */ = {
			isa = PBXGroup;
			children = (
				FE7EFB782B4D09B80018B2A3 /* AppDelegate.swift */,
				FE7EFB7A2B4D09B80018B2A3 /* SceneDelegate.swift */,
				FE7EFB7C2B4D09B80018B2A3 /* ViewController.swift */,
				FE7EFB7E2B4D09B80018B2A3 /* Main.storyboard */,
				FE7EFB812B4D09BA0018B2A3 /* Assets.xcassets */,
				FE7EFB832B4D09BA0018B2A3 /* LaunchScreen.storyboard */,
				FE7EFB862B4D09BA0018B2A3 /* Info.plist */,
				FE7EFB8C2B4D09FC0018B2A3 /* NameTextField.swift */,
				FE7EFB8E2B4D0A170018B2A3 /* Constants.swift */,
				FE7EFB902B4D0A310018B2A3 /* SAButton.swift */,
			);
			path = BasicUserDefaults;
			sourceTree = "<group>";
		};
/* End PBXGroup section */

/* Begin PBXNativeTarget section */
		FE7EFB742B4D09B80018B2A3 /* BasicUserDefaults */ = {
			isa = PBXNativeTarget;
			buildConfigurationList = FE7EFB892B4D09BA0018B2A3 /* Build configuration list for PBXNativeTarget "BasicUserDefaults" */;
			buildPhases = (
				FE7EFB712B4D09B80018B2A3 /* Sources */,
				FE7EFB722B4D09B80018B2A3 /* Frameworks */,
				FE7EFB732B4D09B80018B2A3 /* Resources */,
			);
			buildRules = (
			);
			dependencies = (
			);
			name = BasicUserDefaults;
			productName = BasicUserDefaults;
			productReference = FE7EFB752B4D09B80018B2A3 /* BasicUserDefaults.app */;
			productType = "com.apple.product-type.application";
		};
/* End PBXNativeTarget section */

/* Begin PBXProject section */
		FE7EFB6D2B4D09B80018B2A3 /* Project object */ = {
			isa = PBXProject;
			attributes = {
				BuildIndependentTargetsInParallel = 1;
				LastSwiftUpdateCheck = 1500;
				LastUpgradeCheck = 1500;
				TargetAttributes = {
					FE7EFB742B4D09B80018B2A3 = {
						CreatedOnToolsVersion = 15.0.1;
					};
				};
			};
			buildConfigurationList = FE7EFB702B4D09B80018B2A3 /* Build configuration list for PBXProject "BasicUserDefaults" */;
			compatibilityVersion = "Xcode 14.0";
			developmentRegion = en;
			hasScannedForEncodings = 0;
			knownRegions = (
				en,
				Base,
			);
			mainGroup = FE7EFB6C2B4D09B80018B2A3;
			productRefGroup = FE7EFB762B4D09B80018B2A3 /* Products */;
			projectDirPath = "";
			projectRoot = "";
			targets = (
				FE7EFB742B4D09B80018B2A3 /* BasicUserDefaults */,
			);
		};
/* End PBXProject section */

/* Begin PBXResourcesBuildPhase section */
		FE7EFB732B4D09B80018B2A3 /* Resources */ = {
			isa = PBXResourcesBuildPhase;
			buildActionMask = 2147483647;
			files = (
				FE7EFB852B4D09BA0018B2A3 /* LaunchScreen.storyboard in Resources */,
				FE7EFB822B4D09BA0018B2A3 /* Assets.xcassets in Resources */,
				FE7EFB802B4D09B80018B2A3 /* Main.storyboard in Resources */,
			);
			runOnlyForDeploymentPostprocessing = 0;
		};
/* End PBXResourcesBuildPhase section */

/* Begin PBXSourcesBuildPhase section */
		FE7EFB712B4D09B80018B2A3 /* Sources */ = {
			isa = PBXSourcesBuildPhase;
			buildActionMask = 2147483647;
			files = (
				FE7EFB8F2B4D0A170018B2A3 /* Constants.swift in Sources */,
				FE7EFB912B4D0A310018B2A3 /* SAButton.swift in Sources */,
				FE7EFB8D2B4D09FC0018B2A3 /* NameTextField.swift in Sources */,
				FE7EFB7D2B4D09B80018B2A3 /* ViewController.swift in Sources */,
				FE7EFB792B4D09B80018B2A3 /* AppDelegate.swift in Sources */,
				FE7EFB7B2B4D09B80018B2A3 /* SceneDelegate.swift in Sources */,
			);
			runOnlyForDeploymentPostprocessing = 0;
		};
/* End PBXSourcesBuildPhase section */

/* Begin PBXVariantGroup section */
		FE7EFB7E2B4D09B80018B2A3 /* Main.storyboard */ = {
			isa = PBXVariantGroup;
			children = (
				FE7EFB7F2B4D09B80018B2A3 /* Base */,
			);
			name = Main.storyboard;
			sourceTree = "<group>";
		};
		FE7EFB832B4D09BA0018B2A3 /* LaunchScreen.storyboard */ = {
			isa = PBXVariantGroup;
			children = (
				FE7EFB842B4D09BA0018B2A3 /* Base */,
			);
			name = LaunchScreen.storyboard;
			sourceTree = "<group>";
		};
/* End PBXVariantGroup section */

/* Begin XCBuildConfiguration section */
		FE7EFB872B4D09BA0018B2A3 /* Debug */ = {
			isa = XCBuildConfiguration;
			buildSettings = {
				ALWAYS_SEARCH_USER_PATHS = NO;
				ASSETCATALOG_COMPILER_GENERATE_SWIFT_ASSET_SYMBOL_EXTENSIONS = YES;
				CLANG_ANALYZER_NONNULL = YES;
				CLANG_ANALYZER_NUMBER_OBJECT_CONVERSION = YES_AGGRESSIVE;
				CLANG_CXX_LANGUAGE_STANDARD = "gnu++20";
				CLANG_ENABLE_MODULES = YES;
				CLANG_ENABLE_OBJC_ARC = YES;
				CLANG_ENABLE_OBJC_WEAK = YES;
				CLANG_WARN_BLOCK_CAPTURE_AUTORELEASING = YES;
				CLANG_WARN_BOOL_CONVERSION = YES;
				CLANG_WARN_COMMA = YES;
				CLANG_WARN_CONSTANT_CONVERSION = YES;
				CLANG_WARN_DEPRECATED_OBJC_IMPLEMENTATIONS = YES;
				CLANG_WARN_DIRECT_OBJC_ISA_USAGE = YES_ERROR;
				CLANG_WARN_DOCUMENTATION_COMMENTS = YES;
				CLANG_WARN_EMPTY_BODY = YES;
				CLANG_WARN_ENUM_CONVERSION = YES;
				CLANG_WARN_INFINITE_RECURSION = YES;
				CLANG_WARN_INT_CONVERSION = YES;
				CLANG_WARN_NON_LITERAL_NULL_CONVERSION = YES;
				CLANG_WARN_OBJC_IMPLICIT_RETAIN_SELF = YES;
				CLANG_WARN_OBJC_LITERAL_CONVERSION = YES;
				CLANG_WARN_OBJC_ROOT_CLASS = YES_ERROR;
				CLANG_WARN_QUOTED_INCLUDE_IN_FRAMEWORK_HEADER = YES;
				CLANG_WARN_RANGE_LOOP_ANALYSIS = YES;
				CLANG_WARN_STRICT_PROTOTYPES = YES;
				CLANG_WARN_SUSPICIOUS_MOVE = YES;
				CLANG_WARN_UNGUARDED_AVAILABILITY = YES_AGGRESSIVE;
				CLANG_WARN_UNREACHABLE_CODE = YES;
				CLANG_WARN__DUPLICATE_METHOD_MATCH = YES;
				COPY_PHASE_STRIP = NO;
				DEBUG_INFORMATION_FORMAT = dwarf;
				ENABLE_STRICT_OBJC_MSGSEND = YES;
				ENABLE_TESTABILITY = YES;
				ENABLE_USER_SCRIPT_SANDBOXING = YES;
				GCC_C_LANGUAGE_STANDARD = gnu17;
				GCC_DYNAMIC_NO_PIC = NO;
				GCC_NO_COMMON_BLOCKS = YES;
				GCC_OPTIMIZATION_LEVEL = 0;
				GCC_PREPROCESSOR_DEFINITIONS = (
					"DEBUG=1",
					"$(inherited)",
				);
				GCC_WARN_64_TO_32_BIT_CONVERSION = YES;
				GCC_WARN_ABOUT_RETURN_TYPE = YES_ERROR;
				GCC_WARN_UNDECLARED_SELECTOR = YES;
				GCC_WARN_UNINITIALIZED_AUTOS = YES_AGGRESSIVE;
				GCC_WARN_UNUSED_FUNCTION = YES;
				GCC_WARN_UNUSED_VARIABLE = YES;
				IPHONEOS_DEPLOYMENT_TARGET = 17.0;
				LOCALIZATION_PREFERS_STRING_CATALOGS = YES;
				MTL_ENABLE_DEBUG_INFO = INCLUDE_SOURCE;
				MTL_FAST_MATH = YES;
				ONLY_ACTIVE_ARCH = YES;
				SDKROOT = iphoneos;
				SWIFT_ACTIVE_COMPILATION_CONDITIONS = "DEBUG $(inherited)";
				SWIFT_OPTIMIZATION_LEVEL = "-Onone";
			};
			name = Debug;
		};
		FE7EFB882B4D09BA0018B2A3 /* Release */ = {
			isa = XCBuildConfiguration;
			buildSettings = {
				ALWAYS_SEARCH_USER_PATHS = NO;
				ASSETCATALOG_COMPILER_GENERATE_SWIFT_ASSET_SYMBOL_EXTENSIONS = YES;
				CLANG_ANALYZER_NONNULL = YES;
				CLANG_ANALYZER_NUMBER_OBJECT_CONVERSION = YES_AGGRESSIVE;
				CLANG_CXX_LANGUAGE_STANDARD = "gnu++20";
				CLANG_ENABLE_MODULES = YES;
				CLANG_ENABLE_OBJC_ARC = YES;
				CLANG_ENABLE_OBJC_WEAK = YES;
				CLANG_WARN_BLOCK_CAPTURE_AUTORELEASING = YES;
				CLANG_WARN_BOOL_CONVERSION = YES;
				CLANG_WARN_COMMA = YES;
				CLANG_WARN_CONSTANT_CONVERSION = YES;
				CLANG_WARN_DEPRECATED_OBJC_IMPLEMENTATIONS = YES;
				CLANG_WARN_DIRECT_OBJC_ISA_USAGE = YES_ERROR;
				CLANG_WARN_DOCUMENTATION_COMMENTS = YES;
				CLANG_WARN_EMPTY_BODY = YES;
				CLANG_WARN_ENUM_CONVERSION = YES;
				CLANG_WARN_INFINITE_RECURSION = YES;
				CLANG_WARN_INT_CONVERSION = YES;
				CLANG_WARN_NON_LITERAL_NULL_CONVERSION = YES;
				CLANG_WARN_OBJC_IMPLICIT_RETAIN_SELF = YES;
				CLANG_WARN_OBJC_LITERAL_CONVERSION = YES;
				CLANG_WARN_OBJC_ROOT_CLASS = YES_ERROR;
				CLANG_WARN_QUOTED_INCLUDE_IN_FRAMEWORK_HEADER = YES;
				CLANG_WARN_RANGE_LOOP_ANALYSIS = YES;
				CLANG_WARN_STRICT_PROTOTYPES = YES;
				CLANG_WARN_SUSPICIOUS_MOVE = YES;
				CLANG_WARN_UNGUARDED_AVAILABILITY = YES_AGGRESSIVE;
				CLANG_WARN_UNREACHABLE_CODE = YES;
				CLANG_WARN__DUPLICATE_METHOD_MATCH = YES;
				COPY_PHASE_STRIP = NO;
				DEBUG_INFORMATION_FORMAT = "dwarf-with-dsym";
				ENABLE_NS_ASSERTIONS = NO;
				ENABLE_STRICT_OBJC_MSGSEND = YES;
				ENABLE_USER_SCRIPT_SANDBOXING = YES;
				GCC_C_LANGUAGE_STANDARD = gnu17;
				GCC_NO_COMMON_BLOCKS = YES;
				GCC_WARN_64_TO_32_BIT_CONVERSION = YES;
				GCC_WARN_ABOUT_RETURN_TYPE = YES_ERROR;
				GCC_WARN_UNDECLARED_SELECTOR = YES;
				GCC_WARN_UNINITIALIZED_AUTOS = YES_AGGRESSIVE;
				GCC_WARN_UNUSED_FUNCTION = YES;
				GCC_WARN_UNUSED_VARIABLE = YES;
				IPHONEOS_DEPLOYMENT_TARGET = 17.0;
				LOCALIZATION_PREFERS_STRING_CATALOGS = YES;
				MTL_ENABLE_DEBUG_INFO = NO;
				MTL_FAST_MATH = YES;
				SDKROOT = iphoneos;
				SWIFT_COMPILATION_MODE = wholemodule;
				VALIDATE_PRODUCT = YES;
			};
			name = Release;
		};
		FE7EFB8A2B4D09BA0018B2A3 /* Debug */ = {
			isa = XCBuildConfiguration;
			buildSettings = {
				ASSETCATALOG_COMPILER_APPICON_NAME = AppIcon;
				ASSETCATALOG_COMPILER_GLOBAL_ACCENT_COLOR_NAME = AccentColor;
				CODE_SIGN_STYLE = Automatic;
				CURRENT_PROJECT_VERSION = 1;
				DEVELOPMENT_TEAM = GFQZS7NGFJ;
				GENERATE_INFOPLIST_FILE = YES;
				INFOPLIST_FILE = BasicUserDefaults/Info.plist;
				INFOPLIST_KEY_UIApplicationSupportsIndirectInputEvents = YES;
				INFOPLIST_KEY_UILaunchStoryboardName = LaunchScreen;
				INFOPLIST_KEY_UIMainStoryboardFile = Main;
				INFOPLIST_KEY_UISupportedInterfaceOrientations_iPad = "UIInterfaceOrientationPortrait UIInterfaceOrientationPortraitUpsideDown UIInterfaceOrientationLandscapeLeft UIInterfaceOrientationLandscapeRight";
				INFOPLIST_KEY_UISupportedInterfaceOrientations_iPhone = "UIInterfaceOrientationPortrait UIInterfaceOrientationLandscapeLeft UIInterfaceOrientationLandscapeRight";
				LD_RUNPATH_SEARCH_PATHS = (
					"$(inherited)",
					"@executable_path/Frameworks",
				);
				MARKETING_VERSION = 1.0;
				PRODUCT_BUNDLE_IDENTIFIER = com.abhistin.BasicUserDefaults;
				PRODUCT_NAME = "$(TARGET_NAME)";
				SWIFT_EMIT_LOC_STRINGS = YES;
				SWIFT_VERSION = 5.0;
				TARGETED_DEVICE_FAMILY = "1,2";
			};
			name = Debug;
		};
		FE7EFB8B2B4D09BA0018B2A3 /* Release */ = {
			isa = XCBuildConfiguration;
			buildSettings = {
				ASSETCATALOG_COMPILER_APPICON_NAME = AppIcon;
				ASSETCATALOG_COMPILER_GLOBAL_ACCENT_COLOR_NAME = AccentColor;
				CODE_SIGN_STYLE = Automatic;
				CURRENT_PROJECT_VERSION = 1;
				DEVELOPMENT_TEAM = GFQZS7NGFJ;
				GENERATE_INFOPLIST_FILE = YES;
				INFOPLIST_FILE = BasicUserDefaults/Info.plist;
				INFOPLIST_KEY_UIApplicationSupportsIndirectInputEvents = YES;
				INFOPLIST_KEY_UILaunchStoryboardName = LaunchScreen;
				INFOPLIST_KEY_UIMainStoryboardFile = Main;
				INFOPLIST_KEY_UISupportedInterfaceOrientations_iPad = "UIInterfaceOrientationPortrait UIInterfaceOrientationPortraitUpsideDown UIInterfaceOrientationLandscapeLeft UIInterfaceOrientationLandscapeRight";
				INFOPLIST_KEY_UISupportedInterfaceOrientations_iPhone = "UIInterfaceOrientationPortrait UIInterfaceOrientationLandscapeLeft UIInterfaceOrientationLandscapeRight";
				LD_RUNPATH_SEARCH_PATHS = (
					"$(inherited)",
					"@executable_path/Frameworks",
				);
				MARKETING_VERSION = 1.0;
				PRODUCT_BUNDLE_IDENTIFIER = com.abhistin.BasicUserDefaults;
				PRODUCT_NAME = "$(TARGET_NAME)";
				SWIFT_EMIT_LOC_STRINGS = YES;
				SWIFT_VERSION = 5.0;
				TARGETED_DEVICE_FAMILY = "1,2";
			};
			name = Release;
		};
/* End XCBuildConfiguration section */

/* Begin XCConfigurationList section */
		FE7EFB702B4D09B80018B2A3 /* Build configuration list for PBXProject "BasicUserDefaults" */ = {
			isa = XCConfigurationList;
			buildConfigurations = (
				FE7EFB872B4D09BA0018B2A3 /* Debug */,
				FE7EFB882B4D09BA0018B2A3 /* Release */,
			);
			defaultConfigurationIsVisible = 0;
			defaultConfigurationName = Release;
		};
		FE7EFB892B4D09BA0018B2A3 /* Build configuration list for PBXNativeTarget "BasicUserDefaults" */ = {
			isa = XCConfigurationList;
			buildConfigurations = (
				FE7EFB8A2B4D09BA0018B2A3 /* Debug */,
				FE7EFB8B2B4D09BA0018B2A3 /* Release */,
			);
			defaultConfigurationIsVisible = 0;
			defaultConfigurationName = Release;
		};
/* End XCConfigurationList section */
	};
	rootObject = FE7EFB6D2B4D09B80018B2A3 /* Project object */;
}
