// !$*UTF8*$!
{
	archiveVersion = 1;
	classes = {
	};
	objectVersion = 56;
	objects = {

/* Begin PBXBuildFile section */
		FECE0EB62B502D7F0086067B /* AppDelegate.swift in Sources */ = {isa = PBXBuildFile; fileRef = FECE0EB52B502D7F0086067B /* AppDelegate.swift */; };
		FECE0EB82B502D7F0086067B /* SceneDelegate.swift in Sources */ = {isa = PBXBuildFile; fileRef = FECE0EB72B502D7F0086067B /* SceneDelegate.swift */; };
		FECE0EBA2B502D7F0086067B /* HomeViewController.swift in Sources */ = {isa = PBXBuildFile; fileRef = FECE0EB92B502D7F0086067B /* HomeViewController.swift */; };
		FECE0EBD2B502D7F0086067B /* Main.storyboard in Resources */ = {isa = PBXBuildFile; fileRef = FECE0EBB2B502D7F0086067B /* Main.storyboard */; };
		FECE0EBF2B502D810086067B /* Assets.xcassets in Resources */ = {isa = PBXBuildFile; fileRef = FECE0EBE2B502D810086067B /* Assets.xcassets */; };
		FECE0EC22B502D810086067B /* LaunchScreen.storyboard in Resources */ = {isa = PBXBuildFile; fileRef = FECE0EC02B502D810086067B /* LaunchScreen.storyboard */; };
		FECE0ED22B502E1D0086067B /* RegisterViewController.swift in Sources */ = {isa = PBXBuildFile; fileRef = FECE0ED12B502E1D0086067B /* RegisterViewController.swift */; };
		FECE0ED42B502E250086067B /* UserDetailViewController.swift in Sources */ = {isa = PBXBuildFile; fileRef = FECE0ED32B502E250086067B /* UserDetailViewController.swift */; };
		FECE0ED82B5041F70086067B /* LoginViewController.swift in Sources */ = {isa = PBXBuildFile; fileRef = FECE0ED72B5041F70086067B /* LoginViewController.swift */; };
		FECE0EDD2B5042690086067B /* Alert.swift in Sources */ = {isa = PBXBuildFile; fileRef = FECE0EDC2B5042690086067B /* Alert.swift */; };
		FECE0EE02B5045D30086067B /* String+Extensions.swift in Sources */ = {isa = PBXBuildFile; fileRef = FECE0EDF2B5045D30086067B /* String+Extensions.swift */; };
/* End PBXBuildFile section */

/* Begin PBXFileReference section */
		FECE0EB22B502D7F0086067B /* NavigationStack.app */ = {isa = PBXFileReference; explicitFileType = wrapper.application; includeInIndex = 0; path = NavigationStack.app; sourceTree = BUILT_PRODUCTS_DIR; };
		FECE0EB52B502D7F0086067B /* AppDelegate.swift */ = {isa = PBXFileReference; lastKnownFileType = sourcecode.swift; path = AppDelegate.swift; sourceTree = "<group>"; };
		FECE0EB72B502D7F0086067B /* SceneDelegate.swift */ = {isa = PBXFileReference; lastKnownFileType = sourcecode.swift; path = SceneDelegate.swift; sourceTree = "<group>"; };
		FECE0EB92B502D7F0086067B /* HomeViewController.swift */ = {isa = PBXFileReference; lastKnownFileType = sourcecode.swift; path = HomeViewController.swift; sourceTree = "<group>"; };
		FECE0EBC2B502D7F0086067B /* Base */ = {isa = PBXFileReference; lastKnownFileType = file.storyboard; name = Base; path = Base.lproj/Main.storyboard; sourceTree = "<group>"; };
		FECE0EBE2B502D810086067B /* Assets.xcassets */ = {isa = PBXFileReference; lastKnownFileType = folder.assetcatalog; path = Assets.xcassets; sourceTree = "<group>"; };
		FECE0EC12B502D810086067B /* Base */ = {isa = PBXFileReference; lastKnownFileType = file.storyboard; name = Base; path = Base.lproj/LaunchScreen.storyboard; sourceTree = "<group>"; };
		FECE0EC32B502D810086067B /* Info.plist */ = {isa = PBXFileReference; lastKnownFileType = text.plist.xml; path = Info.plist; sourceTree = "<group>"; };
		FECE0ED12B502E1D0086067B /* RegisterViewController.swift */ = {isa = PBXFileReference; lastKnownFileType = sourcecode.swift; path = RegisterViewController.swift; sourceTree = "<group>"; };
		FECE0ED32B502E250086067B /* UserDetailViewController.swift */ = {isa = PBXFileReference; lastKnownFileType = sourcecode.swift; path = UserDetailViewController.swift; sourceTree = "<group>"; };
		FECE0ED72B5041F70086067B /* LoginViewController.swift */ = {isa = PBXFileReference; fileEncoding = 4; lastKnownFileType = sourcecode.swift; path = LoginViewController.swift; sourceTree = "<group>"; };
		FECE0EDC2B5042690086067B /* Alert.swift */ = {isa = PBXFileReference; lastKnownFileType = sourcecode.swift; path = Alert.swift; sourceTree = "<group>"; };
		FECE0EDF2B5045D30086067B /* String+Extensions.swift */ = {isa = PBXFileReference; lastKnownFileType = sourcecode.swift; path = "String+Extensions.swift"; sourceTree = "<group>"; };
/* End PBXFileReference section */

/* Begin PBXFrameworksBuildPhase section */
		FECE0EAF2B502D7F0086067B /* Frameworks */ = {
			isa = PBXFrameworksBuildPhase;
			buildActionMask = 2147483647;
			files = (
			);
			runOnlyForDeploymentPostprocessing = 0;
		};
/* End PBXFrameworksBuildPhase section */

/* Begin PBXGroup section */
		FECE0EA92B502D7F0086067B = {
			isa = PBXGroup;
			children = (
				FECE0EB42B502D7F0086067B /* NavigationStack */,
				FECE0EB32B502D7F0086067B /* Products */,
			);
			sourceTree = "<group>";
		};
		FECE0EB32B502D7F0086067B /* Products */ = {
			isa = PBXGroup;
			children = (
				FECE0EB22B502D7F0086067B /* NavigationStack.app */,
			);
			name = Products;
			sourceTree = "<group>";
		};
		FECE0EB42B502D7F0086067B /* NavigationStack */ = {
			isa = PBXGroup;
			children = (
				FECE0EDE2B5045C00086067B /* Extensions */,
				FECE0EDB2B50425B0086067B /* Helper */,
				FECE0ED62B50418B0086067B /* Resources */,
				FECE0ED92B5042270086067B /* Views */,
				FECE0ED52B50417E0086067B /* Controllers */,
				FECE0EC32B502D810086067B /* Info.plist */,
			);
			path = NavigationStack;
			sourceTree = "<group>";
		};
		FECE0ED52B50417E0086067B /* Controllers */ = {
			isa = PBXGroup;
			children = (
				FECE0EB92B502D7F0086067B /* HomeViewController.swift */,
				FECE0ED72B5041F70086067B /* LoginViewController.swift */,
				FECE0ED12B502E1D0086067B /* RegisterViewController.swift */,
				FECE0ED32B502E250086067B /* UserDetailViewController.swift */,
			);
			path = Controllers;
			sourceTree = "<group>";
		};
		FECE0ED62B50418B0086067B /* Resources */ = {
			isa = PBXGroup;
			children = (
				FECE0EB52B502D7F0086067B /* AppDelegate.swift */,
				FECE0EB72B502D7F0086067B /* SceneDelegate.swift */,
				FECE0EBE2B502D810086067B /* Assets.xcassets */,
			);
			path = Resources;
			sourceTree = "<group>";
		};
		FECE0ED92B5042270086067B /* Views */ = {
			isa = PBXGroup;
			children = (
				FECE0EBB2B502D7F0086067B /* Main.storyboard */,
				FECE0EC02B502D810086067B /* LaunchScreen.storyboard */,
			);
			path = Views;
			sourceTree = "<group>";
		};
		FECE0EDB2B50425B0086067B /* Helper */ = {
			isa = PBXGroup;
			children = (
				FECE0EDC2B5042690086067B /* Alert.swift */,
			);
			path = Helper;
			sourceTree = "<group>";
		};
		FECE0EDE2B5045C00086067B /* Extensions */ = {
			isa = PBXGroup;
			children = (
				FECE0EDF2B5045D30086067B /* String+Extensions.swift */,
			);
			path = Extensions;
			sourceTree = "<group>";
		};
/* End PBXGroup section */

/* Begin PBXNativeTarget section */
		FECE0EB12B502D7F0086067B /* NavigationStack */ = {
			isa = PBXNativeTarget;
			buildConfigurationList = FECE0EC62B502D810086067B /* Build configuration list for PBXNativeTarget "NavigationStack" */;
			buildPhases = (
				FECE0EAE2B502D7F0086067B /* Sources */,
				FECE0EAF2B502D7F0086067B /* Frameworks */,
				FECE0EB02B502D7F0086067B /* Resources */,
			);
			buildRules = (
			);
			dependencies = (
			);
			name = NavigationStack;
			productName = NavigationStack;
			productReference = FECE0EB22B502D7F0086067B /* NavigationStack.app */;
			productType = "com.apple.product-type.application";
		};
/* End PBXNativeTarget section */

/* Begin PBXProject section */
		FECE0EAA2B502D7F0086067B /* Project object */ = {
			isa = PBXProject;
			attributes = {
				BuildIndependentTargetsInParallel = 1;
				LastSwiftUpdateCheck = 1500;
				LastUpgradeCheck = 1500;
				TargetAttributes = {
					FECE0EB12B502D7F0086067B = {
						CreatedOnToolsVersion = 15.0.1;
					};
				};
			};
			buildConfigurationList = FECE0EAD2B502D7F0086067B /* Build configuration list for PBXProject "NavigationStack" */;
			compatibilityVersion = "Xcode 14.0";
			developmentRegion = en;
			hasScannedForEncodings = 0;
			knownRegions = (
				en,
				Base,
			);
			mainGroup = FECE0EA92B502D7F0086067B;
			productRefGroup = FECE0EB32B502D7F0086067B /* Products */;
			projectDirPath = "";
			projectRoot = "";
			targets = (
				FECE0EB12B502D7F0086067B /* NavigationStack */,
			);
		};
/* End PBXProject section */

/* Begin PBXResourcesBuildPhase section */
		FECE0EB02B502D7F0086067B /* Resources */ = {
			isa = PBXResourcesBuildPhase;
			buildActionMask = 2147483647;
			files = (
				FECE0EC22B502D810086067B /* LaunchScreen.storyboard in Resources */,
				FECE0EBF2B502D810086067B /* Assets.xcassets in Resources */,
				FECE0EBD2B502D7F0086067B /* Main.storyboard in Resources */,
			);
			runOnlyForDeploymentPostprocessing = 0;
		};
/* End PBXResourcesBuildPhase section */

/* Begin PBXSourcesBuildPhase section */
		FECE0EAE2B502D7F0086067B /* Sources */ = {
			isa = PBXSourcesBuildPhase;
			buildActionMask = 2147483647;
			files = (
				FECE0ED82B5041F70086067B /* LoginViewController.swift in Sources */,
				FECE0ED22B502E1D0086067B /* RegisterViewController.swift in Sources */,
				FECE0ED42B502E250086067B /* UserDetailViewController.swift in Sources */,
				FECE0EBA2B502D7F0086067B /* HomeViewController.swift in Sources */,
				FECE0EE02B5045D30086067B /* String+Extensions.swift in Sources */,
				FECE0EB62B502D7F0086067B /* AppDelegate.swift in Sources */,
				FECE0EB82B502D7F0086067B /* SceneDelegate.swift in Sources */,
				FECE0EDD2B5042690086067B /* Alert.swift in Sources */,
			);
			runOnlyForDeploymentPostprocessing = 0;
		};
/* End PBXSourcesBuildPhase section */

/* Begin PBXVariantGroup section */
		FECE0EBB2B502D7F0086067B /* Main.storyboard */ = {
			isa = PBXVariantGroup;
			children = (
				FECE0EBC2B502D7F0086067B /* Base */,
			);
			name = Main.storyboard;
			sourceTree = "<group>";
		};
		FECE0EC02B502D810086067B /* LaunchScreen.storyboard */ = {
			isa = PBXVariantGroup;
			children = (
				FECE0EC12B502D810086067B /* Base */,
			);
			name = LaunchScreen.storyboard;
			sourceTree = "<group>";
		};
/* End PBXVariantGroup section */

/* Begin XCBuildConfiguration section */
		FECE0EC42B502D810086067B /* Debug */ = {
			isa = XCBuildConfiguration;
			buildSettings = {
				ALWAYS_SEARCH_USER_PATHS = NO;
				ASSETCATALOG_COMPILER_GENERATE_SWIFT_ASSET_SYMBOL_EXTENSIONS = YES;
				CLANG_ANALYZER_NONNULL = YES;
				CLANG_ANALYZER_NUMBER_OBJECT_CONVERSION = YES_AGGRESSIVE;
				CLANG_CXX_LANGUAGE_STANDARD = "gnu++20";
				CLANG_ENABLE_MODULES = YES;
				CLANG_ENABLE_OBJC_ARC = YES;
				CLANG_ENABLE_OBJC_WEAK = YES;
				CLANG_WARN_BLOCK_CAPTURE_AUTORELEASING = YES;
				CLANG_WARN_BOOL_CONVERSION = YES;
				CLANG_WARN_COMMA = YES;
				CLANG_WARN_CONSTANT_CONVERSION = YES;
				CLANG_WARN_DEPRECATED_OBJC_IMPLEMENTATIONS = YES;
				CLANG_WARN_DIRECT_OBJC_ISA_USAGE = YES_ERROR;
				CLANG_WARN_DOCUMENTATION_COMMENTS = YES;
				CLANG_WARN_EMPTY_BODY = YES;
				CLANG_WARN_ENUM_CONVERSION = YES;
				CLANG_WARN_INFINITE_RECURSION = YES;
				CLANG_WARN_INT_CONVERSION = YES;
				CLANG_WARN_NON_LITERAL_NULL_CONVERSION = YES;
				CLANG_WARN_OBJC_IMPLICIT_RETAIN_SELF = YES;
				CLANG_WARN_OBJC_LITERAL_CONVERSION = YES;
				CLANG_WARN_OBJC_ROOT_CLASS = YES_ERROR;
				CLANG_WARN_QUOTED_INCLUDE_IN_FRAMEWORK_HEADER = YES;
				CLANG_WARN_RANGE_LOOP_ANALYSIS = YES;
				CLANG_WARN_STRICT_PROTOTYPES = YES;
				CLANG_WARN_SUSPICIOUS_MOVE = YES;
				CLANG_WARN_UNGUARDED_AVAILABILITY = YES_AGGRESSIVE;
				CLANG_WARN_UNREACHABLE_CODE = YES;
				CLANG_WARN__DUPLICATE_METHOD_MATCH = YES;
				COPY_PHASE_STRIP = NO;
				DEBUG_INFORMATION_FORMAT = dwarf;
				ENABLE_STRICT_OBJC_MSGSEND = YES;
				ENABLE_TESTABILITY = YES;
				ENABLE_USER_SCRIPT_SANDBOXING = YES;
				GCC_C_LANGUAGE_STANDARD = gnu17;
				GCC_DYNAMIC_NO_PIC = NO;
				GCC_NO_COMMON_BLOCKS = YES;
				GCC_OPTIMIZATION_LEVEL = 0;
				GCC_PREPROCESSOR_DEFINITIONS = (
					"DEBUG=1",
					"$(inherited)",
				);
				GCC_WARN_64_TO_32_BIT_CONVERSION = YES;
				GCC_WARN_ABOUT_RETURN_TYPE = YES_ERROR;
				GCC_WARN_UNDECLARED_SELECTOR = YES;
				GCC_WARN_UNINITIALIZED_AUTOS = YES_AGGRESSIVE;
				GCC_WARN_UNUSED_FUNCTION = YES;
				GCC_WARN_UNUSED_VARIABLE = YES;
				IPHONEOS_DEPLOYMENT_TARGET = 17.0;
				LOCALIZATION_PREFERS_STRING_CATALOGS = YES;
				MTL_ENABLE_DEBUG_INFO = INCLUDE_SOURCE;
				MTL_FAST_MATH = YES;
				ONLY_ACTIVE_ARCH = YES;
				SDKROOT = iphoneos;
				SWIFT_ACTIVE_COMPILATION_CONDITIONS = "DEBUG $(inherited)";
				SWIFT_OPTIMIZATION_LEVEL = "-Onone";
			};
			name = Debug;
		};
		FECE0EC52B502D810086067B /* Release */ = {
			isa = XCBuildConfiguration;
			buildSettings = {
				ALWAYS_SEARCH_USER_PATHS = NO;
				ASSETCATALOG_COMPILER_GENERATE_SWIFT_ASSET_SYMBOL_EXTENSIONS = YES;
				CLANG_ANALYZER_NONNULL = YES;
				CLANG_ANALYZER_NUMBER_OBJECT_CONVERSION = YES_AGGRESSIVE;
				CLANG_CXX_LANGUAGE_STANDARD = "gnu++20";
				CLANG_ENABLE_MODULES = YES;
				CLANG_ENABLE_OBJC_ARC = YES;
				CLANG_ENABLE_OBJC_WEAK = YES;
				CLANG_WARN_BLOCK_CAPTURE_AUTORELEASING = YES;
				CLANG_WARN_BOOL_CONVERSION = YES;
				CLANG_WARN_COMMA = YES;
				CLANG_WARN_CONSTANT_CONVERSION = YES;
				CLANG_WARN_DEPRECATED_OBJC_IMPLEMENTATIONS = YES;
				CLANG_WARN_DIRECT_OBJC_ISA_USAGE = YES_ERROR;
				CLANG_WARN_DOCUMENTATION_COMMENTS = YES;
				CLANG_WARN_EMPTY_BODY = YES;
				CLANG_WARN_ENUM_CONVERSION = YES;
				CLANG_WARN_INFINITE_RECURSION = YES;
				CLANG_WARN_INT_CONVERSION = YES;
				CLANG_WARN_NON_LITERAL_NULL_CONVERSION = YES;
				CLANG_WARN_OBJC_IMPLICIT_RETAIN_SELF = YES;
				CLANG_WARN_OBJC_LITERAL_CONVERSION = YES;
				CLANG_WARN_OBJC_ROOT_CLASS = YES_ERROR;
				CLANG_WARN_QUOTED_INCLUDE_IN_FRAMEWORK_HEADER = YES;
				CLANG_WARN_RANGE_LOOP_ANALYSIS = YES;
				CLANG_WARN_STRICT_PROTOTYPES = YES;
				CLANG_WARN_SUSPICIOUS_MOVE = YES;
				CLANG_WARN_UNGUARDED_AVAILABILITY = YES_AGGRESSIVE;
				CLANG_WARN_UNREACHABLE_CODE = YES;
				CLANG_WARN__DUPLICATE_METHOD_MATCH = YES;
				COPY_PHASE_STRIP = NO;
				DEBUG_INFORMATION_FORMAT = "dwarf-with-dsym";
				ENABLE_NS_ASSERTIONS = NO;
				ENABLE_STRICT_OBJC_MSGSEND = YES;
				ENABLE_USER_SCRIPT_SANDBOXING = YES;
				GCC_C_LANGUAGE_STANDARD = gnu17;
				GCC_NO_COMMON_BLOCKS = YES;
				GCC_WARN_64_TO_32_BIT_CONVERSION = YES;
				GCC_WARN_ABOUT_RETURN_TYPE = YES_ERROR;
				GCC_WARN_UNDECLARED_SELECTOR = YES;
				GCC_WARN_UNINITIALIZED_AUTOS = YES_AGGRESSIVE;
				GCC_WARN_UNUSED_FUNCTION = YES;
				GCC_WARN_UNUSED_VARIABLE = YES;
				IPHONEOS_DEPLOYMENT_TARGET = 17.0;
				LOCALIZATION_PREFERS_STRING_CATALOGS = YES;
				MTL_ENABLE_DEBUG_INFO = NO;
				MTL_FAST_MATH = YES;
				SDKROOT = iphoneos;
				SWIFT_COMPILATION_MODE = wholemodule;
				VALIDATE_PRODUCT = YES;
			};
			name = Release;
		};
		FECE0EC72B502D810086067B /* Debug */ = {
			isa = XCBuildConfiguration;
			buildSettings = {
				ASSETCATALOG_COMPILER_APPICON_NAME = AppIcon;
				ASSETCATALOG_COMPILER_GLOBAL_ACCENT_COLOR_NAME = AccentColor;
				CODE_SIGN_STYLE = Automatic;
				CURRENT_PROJECT_VERSION = 1;
				DEVELOPMENT_TEAM = GFQZS7NGFJ;
				GENERATE_INFOPLIST_FILE = YES;
				INFOPLIST_FILE = NavigationStack/Info.plist;
				INFOPLIST_KEY_UIApplicationSupportsIndirectInputEvents = YES;
				INFOPLIST_KEY_UILaunchStoryboardName = LaunchScreen;
				INFOPLIST_KEY_UIMainStoryboardFile = Main;
				INFOPLIST_KEY_UISupportedInterfaceOrientations_iPad = "UIInterfaceOrientationPortrait UIInterfaceOrientationPortraitUpsideDown UIInterfaceOrientationLandscapeLeft UIInterfaceOrientationLandscapeRight";
				INFOPLIST_KEY_UISupportedInterfaceOrientations_iPhone = "UIInterfaceOrientationPortrait UIInterfaceOrientationLandscapeLeft UIInterfaceOrientationLandscapeRight";
				LD_RUNPATH_SEARCH_PATHS = (
					"$(inherited)",
					"@executable_path/Frameworks",
				);
				MARKETING_VERSION = 1.0;
				PRODUCT_BUNDLE_IDENTIFIER = com.abhistin.NavigationStack;
				PRODUCT_NAME = "$(TARGET_NAME)";
				SWIFT_EMIT_LOC_STRINGS = YES;
				SWIFT_VERSION = 5.0;
				TARGETED_DEVICE_FAMILY = "1,2";
			};
			name = Debug;
		};
		FECE0EC82B502D810086067B /* Release */ = {
			isa = XCBuildConfiguration;
			buildSettings = {
				ASSETCATALOG_COMPILER_APPICON_NAME = AppIcon;
				ASSETCATALOG_COMPILER_GLOBAL_ACCENT_COLOR_NAME = AccentColor;
				CODE_SIGN_STYLE = Automatic;
				CURRENT_PROJECT_VERSION = 1;
				DEVELOPMENT_TEAM = GFQZS7NGFJ;
				GENERATE_INFOPLIST_FILE = YES;
				INFOPLIST_FILE = NavigationStack/Info.plist;
				INFOPLIST_KEY_UIApplicationSupportsIndirectInputEvents = YES;
				INFOPLIST_KEY_UILaunchStoryboardName = LaunchScreen;
				INFOPLIST_KEY_UIMainStoryboardFile = Main;
				INFOPLIST_KEY_UISupportedInterfaceOrientations_iPad = "UIInterfaceOrientationPortrait UIInterfaceOrientationPortraitUpsideDown UIInterfaceOrientationLandscapeLeft UIInterfaceOrientationLandscapeRight";
				INFOPLIST_KEY_UISupportedInterfaceOrientations_iPhone = "UIInterfaceOrientationPortrait UIInterfaceOrientationLandscapeLeft UIInterfaceOrientationLandscapeRight";
				LD_RUNPATH_SEARCH_PATHS = (
					"$(inherited)",
					"@executable_path/Frameworks",
				);
				MARKETING_VERSION = 1.0;
				PRODUCT_BUNDLE_IDENTIFIER = com.abhistin.NavigationStack;
				PRODUCT_NAME = "$(TARGET_NAME)";
				SWIFT_EMIT_LOC_STRINGS = YES;
				SWIFT_VERSION = 5.0;
				TARGETED_DEVICE_FAMILY = "1,2";
			};
			name = Release;
		};
/* End XCBuildConfiguration section */

/* Begin XCConfigurationList section */
		FECE0EAD2B502D7F0086067B /* Build configuration list for PBXProject "NavigationStack" */ = {
			isa = XCConfigurationList;
			buildConfigurations = (
				FECE0EC42B502D810086067B /* Debug */,
				FECE0EC52B502D810086067B /* Release */,
			);
			defaultConfigurationIsVisible = 0;
			defaultConfigurationName = Release;
		};
		FECE0EC62B502D810086067B /* Build configuration list for PBXNativeTarget "NavigationStack" */ = {
			isa = XCConfigurationList;
			buildConfigurations = (
				FECE0EC72B502D810086067B /* Debug */,
				FECE0EC82B502D810086067B /* Release */,
			);
			defaultConfigurationIsVisible = 0;
			defaultConfigurationName = Release;
		};
/* End XCConfigurationList section */
	};
	rootObject = FECE0EAA2B502D7F0086067B /* Project object */;
}
