// !$*UTF8*$!
{
	archiveVersion = 1;
	classes = {
	};
	objectVersion = 56;
	objects = {

/* Begin PBXBuildFile section */
		FE027BE12B52E3C700FCCE36 /* NetworkService.swift in Sources */ = {isa = PBXBuildFile; fileRef = FE027BE02B52E3C700FCCE36 /* NetworkService.swift */; };
		FE2F53AB2B43E88E00A1B18E /* AppDelegate.swift in Sources */ = {isa = PBXBuildFile; fileRef = FE2F53AA2B43E88E00A1B18E /* AppDelegate.swift */; };
		FE2F53AD2B43E88E00A1B18E /* SceneDelegate.swift in Sources */ = {isa = PBXBuildFile; fileRef = FE2F53AC2B43E88E00A1B18E /* SceneDelegate.swift */; };
		FE2F53AF2B43E88E00A1B18E /* ViewController.swift in Sources */ = {isa = PBXBuildFile; fileRef = FE2F53AE2B43E88E00A1B18E /* ViewController.swift */; };
		FE2F53B22B43E88E00A1B18E /* Main.storyboard in Resources */ = {isa = PBXBuildFile; fileRef = FE2F53B02B43E88E00A1B18E /* Main.storyboard */; };
		FE2F53B42B43E89100A1B18E /* Assets.xcassets in Resources */ = {isa = PBXBuildFile; fileRef = FE2F53B32B43E89100A1B18E /* Assets.xcassets */; };
		FE2F53B72B43E89100A1B18E /* LaunchScreen.storyboard in Resources */ = {isa = PBXBuildFile; fileRef = FE2F53B52B43E89100A1B18E /* LaunchScreen.storyboard */; };
		FE2F53C72B43EA0C00A1B18E /* City.swift in Sources */ = {isa = PBXBuildFile; fileRef = FE2F53C62B43EA0C00A1B18E /* City.swift */; };
		FE2F53C92B43F02900A1B18E /* WeatherSecondViewController.swift in Sources */ = {isa = PBXBuildFile; fileRef = FE2F53C82B43F02900A1B18E /* WeatherSecondViewController.swift */; };
		FECE0EA72B4FFFB60086067B /* WeatherTableViewCell.swift in Sources */ = {isa = PBXBuildFile; fileRef = FECE0EA52B4FFFB60086067B /* WeatherTableViewCell.swift */; };
		FECE0EA82B4FFFB60086067B /* WeatherTableViewCell.xib in Resources */ = {isa = PBXBuildFile; fileRef = FECE0EA62B4FFFB60086067B /* WeatherTableViewCell.xib */; };
/* End PBXBuildFile section */

/* Begin PBXFileReference section */
		FE027BE02B52E3C700FCCE36 /* NetworkService.swift */ = {isa = PBXFileReference; lastKnownFileType = sourcecode.swift; path = NetworkService.swift; sourceTree = "<group>"; };
		FE2F53A72B43E88E00A1B18E /* WeatherApp.app */ = {isa = PBXFileReference; explicitFileType = wrapper.application; includeInIndex = 0; path = WeatherApp.app; sourceTree = BUILT_PRODUCTS_DIR; };
		FE2F53AA2B43E88E00A1B18E /* AppDelegate.swift */ = {isa = PBXFileReference; lastKnownFileType = sourcecode.swift; path = AppDelegate.swift; sourceTree = "<group>"; };
		FE2F53AC2B43E88E00A1B18E /* SceneDelegate.swift */ = {isa = PBXFileReference; lastKnownFileType = sourcecode.swift; path = SceneDelegate.swift; sourceTree = "<group>"; };
		FE2F53AE2B43E88E00A1B18E /* ViewController.swift */ = {isa = PBXFileReference; lastKnownFileType = sourcecode.swift; path = ViewController.swift; sourceTree = "<group>"; };
		FE2F53B12B43E88E00A1B18E /* Base */ = {isa = PBXFileReference; lastKnownFileType = file.storyboard; name = Base; path = Base.lproj/Main.storyboard; sourceTree = "<group>"; };
		FE2F53B32B43E89100A1B18E /* Assets.xcassets */ = {isa = PBXFileReference; lastKnownFileType = folder.assetcatalog; path = Assets.xcassets; sourceTree = "<group>"; };
		FE2F53B62B43E89100A1B18E /* Base */ = {isa = PBXFileReference; lastKnownFileType = file.storyboard; name = Base; path = Base.lproj/LaunchScreen.storyboard; sourceTree = "<group>"; };
		FE2F53B82B43E89100A1B18E /* Info.plist */ = {isa = PBXFileReference; lastKnownFileType = text.plist.xml; path = Info.plist; sourceTree = "<group>"; };
		FE2F53C62B43EA0C00A1B18E /* City.swift */ = {isa = PBXFileReference; lastKnownFileType = sourcecode.swift; path = City.swift; sourceTree = "<group>"; };
		FE2F53C82B43F02900A1B18E /* WeatherSecondViewController.swift */ = {isa = PBXFileReference; lastKnownFileType = sourcecode.swift; path = WeatherSecondViewController.swift; sourceTree = "<group>"; };
		FECE0EA52B4FFFB60086067B /* WeatherTableViewCell.swift */ = {isa = PBXFileReference; lastKnownFileType = sourcecode.swift; path = WeatherTableViewCell.swift; sourceTree = "<group>"; };
		FECE0EA62B4FFFB60086067B /* WeatherTableViewCell.xib */ = {isa = PBXFileReference; lastKnownFileType = file.xib; path = WeatherTableViewCell.xib; sourceTree = "<group>"; };
/* End PBXFileReference section */

/* Begin PBXFrameworksBuildPhase section */
		FE2F53A42B43E88E00A1B18E /* Frameworks */ = {
			isa = PBXFrameworksBuildPhase;
			buildActionMask = 2147483647;
			files = (
			);
			runOnlyForDeploymentPostprocessing = 0;
		};
/* End PBXFrameworksBuildPhase section */

/* Begin PBXGroup section */
		FE027BDF2B52E3B900FCCE36 /* NetworkService */ = {
			isa = PBXGroup;
			children = (
				FE027BE02B52E3C700FCCE36 /* NetworkService.swift */,
			);
			path = NetworkService;
			sourceTree = "<group>";
		};
		FE2F539E2B43E88E00A1B18E = {
			isa = PBXGroup;
			children = (
				FE2F53A92B43E88E00A1B18E /* WeatherApp */,
				FE2F53A82B43E88E00A1B18E /* Products */,
			);
			sourceTree = "<group>";
		};
		FE2F53A82B43E88E00A1B18E /* Products */ = {
			isa = PBXGroup;
			children = (
				FE2F53A72B43E88E00A1B18E /* WeatherApp.app */,
			);
			name = Products;
			sourceTree = "<group>";
		};
		FE2F53A92B43E88E00A1B18E /* WeatherApp */ = {
			isa = PBXGroup;
			children = (
				FE027BDF2B52E3B900FCCE36 /* NetworkService */,
				FE2F53BE2B43E89B00A1B18E /* Models */,
				FE2F53BF2B43E8A200A1B18E /* Views */,
				FE2F53C02B43E8A800A1B18E /* Controllers */,
				FE2F53C12B43E8C900A1B18E /* Resources */,
				FE2F53B82B43E89100A1B18E /* Info.plist */,
				FECE0EA52B4FFFB60086067B /* WeatherTableViewCell.swift */,
				FECE0EA62B4FFFB60086067B /* WeatherTableViewCell.xib */,
			);
			path = WeatherApp;
			sourceTree = "<group>";
		};
		FE2F53BE2B43E89B00A1B18E /* Models */ = {
			isa = PBXGroup;
			children = (
				FE2F53C62B43EA0C00A1B18E /* City.swift */,
			);
			path = Models;
			sourceTree = "<group>";
		};
		FE2F53BF2B43E8A200A1B18E /* Views */ = {
			isa = PBXGroup;
			children = (
				FE2F53B02B43E88E00A1B18E /* Main.storyboard */,
				FE2F53B52B43E89100A1B18E /* LaunchScreen.storyboard */,
			);
			path = Views;
			sourceTree = "<group>";
		};
		FE2F53C02B43E8A800A1B18E /* Controllers */ = {
			isa = PBXGroup;
			children = (
				FE2F53AE2B43E88E00A1B18E /* ViewController.swift */,
				FE2F53C82B43F02900A1B18E /* WeatherSecondViewController.swift */,
			);
			path = Controllers;
			sourceTree = "<group>";
		};
		FE2F53C12B43E8C900A1B18E /* Resources */ = {
			isa = PBXGroup;
			children = (
				FE2F53AA2B43E88E00A1B18E /* AppDelegate.swift */,
				FE2F53AC2B43E88E00A1B18E /* SceneDelegate.swift */,
				FE2F53B32B43E89100A1B18E /* Assets.xcassets */,
			);
			path = Resources;
			sourceTree = "<group>";
		};
/* End PBXGroup section */

/* Begin PBXNativeTarget section */
		FE2F53A62B43E88E00A1B18E /* WeatherApp */ = {
			isa = PBXNativeTarget;
			buildConfigurationList = FE2F53BB2B43E89100A1B18E /* Build configuration list for PBXNativeTarget "WeatherApp" */;
			buildPhases = (
				FE2F53A32B43E88E00A1B18E /* Sources */,
				FE2F53A42B43E88E00A1B18E /* Frameworks */,
				FE2F53A52B43E88E00A1B18E /* Resources */,
			);
			buildRules = (
			);
			dependencies = (
			);
			name = WeatherApp;
			productName = WeatherApp;
			productReference = FE2F53A72B43E88E00A1B18E /* WeatherApp.app */;
			productType = "com.apple.product-type.application";
		};
/* End PBXNativeTarget section */

/* Begin PBXProject section */
		FE2F539F2B43E88E00A1B18E /* Project object */ = {
			isa = PBXProject;
			attributes = {
				BuildIndependentTargetsInParallel = 1;
				LastSwiftUpdateCheck = 1500;
				LastUpgradeCheck = 1500;
				TargetAttributes = {
					FE2F53A62B43E88E00A1B18E = {
						CreatedOnToolsVersion = 15.0.1;
					};
				};
			};
			buildConfigurationList = FE2F53A22B43E88E00A1B18E /* Build configuration list for PBXProject "WeatherApp" */;
			compatibilityVersion = "Xcode 14.0";
			developmentRegion = en;
			hasScannedForEncodings = 0;
			knownRegions = (
				en,
				Base,
			);
			mainGroup = FE2F539E2B43E88E00A1B18E;
			productRefGroup = FE2F53A82B43E88E00A1B18E /* Products */;
			projectDirPath = "";
			projectRoot = "";
			targets = (
				FE2F53A62B43E88E00A1B18E /* WeatherApp */,
			);
		};
/* End PBXProject section */

/* Begin PBXResourcesBuildPhase section */
		FE2F53A52B43E88E00A1B18E /* Resources */ = {
			isa = PBXResourcesBuildPhase;
			buildActionMask = 2147483647;
			files = (
				FECE0EA82B4FFFB60086067B /* WeatherTableViewCell.xib in Resources */,
				FE2F53B72B43E89100A1B18E /* LaunchScreen.storyboard in Resources */,
				FE2F53B42B43E89100A1B18E /* Assets.xcassets in Resources */,
				FE2F53B22B43E88E00A1B18E /* Main.storyboard in Resources */,
			);
			runOnlyForDeploymentPostprocessing = 0;
		};
/* End PBXResourcesBuildPhase section */

/* Begin PBXSourcesBuildPhase section */
		FE2F53A32B43E88E00A1B18E /* Sources */ = {
			isa = PBXSourcesBuildPhase;
			buildActionMask = 2147483647;
			files = (
				FECE0EA72B4FFFB60086067B /* WeatherTableViewCell.swift in Sources */,
				FE2F53C72B43EA0C00A1B18E /* City.swift in Sources */,
				FE2F53AF2B43E88E00A1B18E /* ViewController.swift in Sources */,
				FE2F53AB2B43E88E00A1B18E /* AppDelegate.swift in Sources */,
				FE2F53C92B43F02900A1B18E /* WeatherSecondViewController.swift in Sources */,
				FE2F53AD2B43E88E00A1B18E /* SceneDelegate.swift in Sources */,
				FE027BE12B52E3C700FCCE36 /* NetworkService.swift in Sources */,
			);
			runOnlyForDeploymentPostprocessing = 0;
		};
/* End PBXSourcesBuildPhase section */

/* Begin PBXVariantGroup section */
		FE2F53B02B43E88E00A1B18E /* Main.storyboard */ = {
			isa = PBXVariantGroup;
			children = (
				FE2F53B12B43E88E00A1B18E /* Base */,
			);
			name = Main.storyboard;
			sourceTree = "<group>";
		};
		FE2F53B52B43E89100A1B18E /* LaunchScreen.storyboard */ = {
			isa = PBXVariantGroup;
			children = (
				FE2F53B62B43E89100A1B18E /* Base */,
			);
			name = LaunchScreen.storyboard;
			sourceTree = "<group>";
		};
/* End PBXVariantGroup section */

/* Begin XCBuildConfiguration section */
		FE2F53B92B43E89100A1B18E /* Debug */ = {
			isa = XCBuildConfiguration;
			buildSettings = {
				ALWAYS_SEARCH_USER_PATHS = NO;
				ASSETCATALOG_COMPILER_GENERATE_SWIFT_ASSET_SYMBOL_EXTENSIONS = YES;
				CLANG_ANALYZER_NONNULL = YES;
				CLANG_ANALYZER_NUMBER_OBJECT_CONVERSION = YES_AGGRESSIVE;
				CLANG_CXX_LANGUAGE_STANDARD = "gnu++20";
				CLANG_ENABLE_MODULES = YES;
				CLANG_ENABLE_OBJC_ARC = YES;
				CLANG_ENABLE_OBJC_WEAK = YES;
				CLANG_WARN_BLOCK_CAPTURE_AUTORELEASING = YES;
				CLANG_WARN_BOOL_CONVERSION = YES;
				CLANG_WARN_COMMA = YES;
				CLANG_WARN_CONSTANT_CONVERSION = YES;
				CLANG_WARN_DEPRECATED_OBJC_IMPLEMENTATIONS = YES;
				CLANG_WARN_DIRECT_OBJC_ISA_USAGE = YES_ERROR;
				CLANG_WARN_DOCUMENTATION_COMMENTS = YES;
				CLANG_WARN_EMPTY_BODY = YES;
				CLANG_WARN_ENUM_CONVERSION = YES;
				CLANG_WARN_INFINITE_RECURSION = YES;
				CLANG_WARN_INT_CONVERSION = YES;
				CLANG_WARN_NON_LITERAL_NULL_CONVERSION = YES;
				CLANG_WARN_OBJC_IMPLICIT_RETAIN_SELF = YES;
				CLANG_WARN_OBJC_LITERAL_CONVERSION = YES;
				CLANG_WARN_OBJC_ROOT_CLASS = YES_ERROR;
				CLANG_WARN_QUOTED_INCLUDE_IN_FRAMEWORK_HEADER = YES;
				CLANG_WARN_RANGE_LOOP_ANALYSIS = YES;
				CLANG_WARN_STRICT_PROTOTYPES = YES;
				CLANG_WARN_SUSPICIOUS_MOVE = YES;
				CLANG_WARN_UNGUARDED_AVAILABILITY = YES_AGGRESSIVE;
				CLANG_WARN_UNREACHABLE_CODE = YES;
				CLANG_WARN__DUPLICATE_METHOD_MATCH = YES;
				COPY_PHASE_STRIP = NO;
				DEBUG_INFORMATION_FORMAT = dwarf;
				ENABLE_STRICT_OBJC_MSGSEND = YES;
				ENABLE_TESTABILITY = YES;
				ENABLE_USER_SCRIPT_SANDBOXING = YES;
				GCC_C_LANGUAGE_STANDARD = gnu17;
				GCC_DYNAMIC_NO_PIC = NO;
				GCC_NO_COMMON_BLOCKS = YES;
				GCC_OPTIMIZATION_LEVEL = 0;
				GCC_PREPROCESSOR_DEFINITIONS = (
					"DEBUG=1",
					"$(inherited)",
				);
				GCC_WARN_64_TO_32_BIT_CONVERSION = YES;
				GCC_WARN_ABOUT_RETURN_TYPE = YES_ERROR;
				GCC_WARN_UNDECLARED_SELECTOR = YES;
				GCC_WARN_UNINITIALIZED_AUTOS = YES_AGGRESSIVE;
				GCC_WARN_UNUSED_FUNCTION = YES;
				GCC_WARN_UNUSED_VARIABLE = YES;
				IPHONEOS_DEPLOYMENT_TARGET = 17.0;
				LOCALIZATION_PREFERS_STRING_CATALOGS = YES;
				MTL_ENABLE_DEBUG_INFO = INCLUDE_SOURCE;
				MTL_FAST_MATH = YES;
				ONLY_ACTIVE_ARCH = YES;
				SDKROOT = iphoneos;
				SWIFT_ACTIVE_COMPILATION_CONDITIONS = "DEBUG $(inherited)";
				SWIFT_OPTIMIZATION_LEVEL = "-Onone";
			};
			name = Debug;
		};
		FE2F53BA2B43E89100A1B18E /* Release */ = {
			isa = XCBuildConfiguration;
			buildSettings = {
				ALWAYS_SEARCH_USER_PATHS = NO;
				ASSETCATALOG_COMPILER_GENERATE_SWIFT_ASSET_SYMBOL_EXTENSIONS = YES;
				CLANG_ANALYZER_NONNULL = YES;
				CLANG_ANALYZER_NUMBER_OBJECT_CONVERSION = YES_AGGRESSIVE;
				CLANG_CXX_LANGUAGE_STANDARD = "gnu++20";
				CLANG_ENABLE_MODULES = YES;
				CLANG_ENABLE_OBJC_ARC = YES;
				CLANG_ENABLE_OBJC_WEAK = YES;
				CLANG_WARN_BLOCK_CAPTURE_AUTORELEASING = YES;
				CLANG_WARN_BOOL_CONVERSION = YES;
				CLANG_WARN_COMMA = YES;
				CLANG_WARN_CONSTANT_CONVERSION = YES;
				CLANG_WARN_DEPRECATED_OBJC_IMPLEMENTATIONS = YES;
				CLANG_WARN_DIRECT_OBJC_ISA_USAGE = YES_ERROR;
				CLANG_WARN_DOCUMENTATION_COMMENTS = YES;
				CLANG_WARN_EMPTY_BODY = YES;
				CLANG_WARN_ENUM_CONVERSION = YES;
				CLANG_WARN_INFINITE_RECURSION = YES;
				CLANG_WARN_INT_CONVERSION = YES;
				CLANG_WARN_NON_LITERAL_NULL_CONVERSION = YES;
				CLANG_WARN_OBJC_IMPLICIT_RETAIN_SELF = YES;
				CLANG_WARN_OBJC_LITERAL_CONVERSION = YES;
				CLANG_WARN_OBJC_ROOT_CLASS = YES_ERROR;
				CLANG_WARN_QUOTED_INCLUDE_IN_FRAMEWORK_HEADER = YES;
				CLANG_WARN_RANGE_LOOP_ANALYSIS = YES;
				CLANG_WARN_STRICT_PROTOTYPES = YES;
				CLANG_WARN_SUSPICIOUS_MOVE = YES;
				CLANG_WARN_UNGUARDED_AVAILABILITY = YES_AGGRESSIVE;
				CLANG_WARN_UNREACHABLE_CODE = YES;
				CLANG_WARN__DUPLICATE_METHOD_MATCH = YES;
				COPY_PHASE_STRIP = NO;
				DEBUG_INFORMATION_FORMAT = "dwarf-with-dsym";
				ENABLE_NS_ASSERTIONS = NO;
				ENABLE_STRICT_OBJC_MSGSEND = YES;
				ENABLE_USER_SCRIPT_SANDBOXING = YES;
				GCC_C_LANGUAGE_STANDARD = gnu17;
				GCC_NO_COMMON_BLOCKS = YES;
				GCC_WARN_64_TO_32_BIT_CONVERSION = YES;
				GCC_WARN_ABOUT_RETURN_TYPE = YES_ERROR;
				GCC_WARN_UNDECLARED_SELECTOR = YES;
				GCC_WARN_UNINITIALIZED_AUTOS = YES_AGGRESSIVE;
				GCC_WARN_UNUSED_FUNCTION = YES;
				GCC_WARN_UNUSED_VARIABLE = YES;
				IPHONEOS_DEPLOYMENT_TARGET = 17.0;
				LOCALIZATION_PREFERS_STRING_CATALOGS = YES;
				MTL_ENABLE_DEBUG_INFO = NO;
				MTL_FAST_MATH = YES;
				SDKROOT = iphoneos;
				SWIFT_COMPILATION_MODE = wholemodule;
				VALIDATE_PRODUCT = YES;
			};
			name = Release;
		};
		FE2F53BC2B43E89100A1B18E /* Debug */ = {
			isa = XCBuildConfiguration;
			buildSettings = {
				ASSETCATALOG_COMPILER_APPICON_NAME = AppIcon;
				ASSETCATALOG_COMPILER_GLOBAL_ACCENT_COLOR_NAME = AccentColor;
				CODE_SIGN_STYLE = Automatic;
				CURRENT_PROJECT_VERSION = 1;
				DEVELOPMENT_TEAM = GFQZS7NGFJ;
				GENERATE_INFOPLIST_FILE = YES;
				INFOPLIST_FILE = WeatherApp/Info.plist;
				INFOPLIST_KEY_UIApplicationSupportsIndirectInputEvents = YES;
				INFOPLIST_KEY_UILaunchStoryboardName = LaunchScreen;
				INFOPLIST_KEY_UIMainStoryboardFile = Main;
				INFOPLIST_KEY_UISupportedInterfaceOrientations_iPad = "UIInterfaceOrientationPortrait UIInterfaceOrientationPortraitUpsideDown UIInterfaceOrientationLandscapeLeft UIInterfaceOrientationLandscapeRight";
				INFOPLIST_KEY_UISupportedInterfaceOrientations_iPhone = "UIInterfaceOrientationPortrait UIInterfaceOrientationLandscapeLeft UIInterfaceOrientationLandscapeRight";
				LD_RUNPATH_SEARCH_PATHS = (
					"$(inherited)",
					"@executable_path/Frameworks",
				);
				MARKETING_VERSION = 1.0;
				PRODUCT_BUNDLE_IDENTIFIER = com.abhistin.WeatherApp;
				PRODUCT_NAME = "$(TARGET_NAME)";
				SWIFT_EMIT_LOC_STRINGS = YES;
				SWIFT_VERSION = 5.0;
				TARGETED_DEVICE_FAMILY = "1,2";
			};
			name = Debug;
		};
		FE2F53BD2B43E89100A1B18E /* Release */ = {
			isa = XCBuildConfiguration;
			buildSettings = {
				ASSETCATALOG_COMPILER_APPICON_NAME = AppIcon;
				ASSETCATALOG_COMPILER_GLOBAL_ACCENT_COLOR_NAME = AccentColor;
				CODE_SIGN_STYLE = Automatic;
				CURRENT_PROJECT_VERSION = 1;
				DEVELOPMENT_TEAM = GFQZS7NGFJ;
				GENERATE_INFOPLIST_FILE = YES;
				INFOPLIST_FILE = WeatherApp/Info.plist;
				INFOPLIST_KEY_UIApplicationSupportsIndirectInputEvents = YES;
				INFOPLIST_KEY_UILaunchStoryboardName = LaunchScreen;
				INFOPLIST_KEY_UIMainStoryboardFile = Main;
				INFOPLIST_KEY_UISupportedInterfaceOrientations_iPad = "UIInterfaceOrientationPortrait UIInterfaceOrientationPortraitUpsideDown UIInterfaceOrientationLandscapeLeft UIInterfaceOrientationLandscapeRight";
				INFOPLIST_KEY_UISupportedInterfaceOrientations_iPhone = "UIInterfaceOrientationPortrait UIInterfaceOrientationLandscapeLeft UIInterfaceOrientationLandscapeRight";
				LD_RUNPATH_SEARCH_PATHS = (
					"$(inherited)",
					"@executable_path/Frameworks",
				);
				MARKETING_VERSION = 1.0;
				PRODUCT_BUNDLE_IDENTIFIER = com.abhistin.WeatherApp;
				PRODUCT_NAME = "$(TARGET_NAME)";
				SWIFT_EMIT_LOC_STRINGS = YES;
				SWIFT_VERSION = 5.0;
				TARGETED_DEVICE_FAMILY = "1,2";
			};
			name = Release;
		};
/* End XCBuildConfiguration section */

/* Begin XCConfigurationList section */
		FE2F53A22B43E88E00A1B18E /* Build configuration list for PBXProject "WeatherApp" */ = {
			isa = XCConfigurationList;
			buildConfigurations = (
				FE2F53B92B43E89100A1B18E /* Debug */,
				FE2F53BA2B43E89100A1B18E /* Release */,
			);
			defaultConfigurationIsVisible = 0;
			defaultConfigurationName = Release;
		};
		FE2F53BB2B43E89100A1B18E /* Build configuration list for PBXNativeTarget "WeatherApp" */ = {
			isa = XCConfigurationList;
			buildConfigurations = (
				FE2F53BC2B43E89100A1B18E /* Debug */,
				FE2F53BD2B43E89100A1B18E /* Release */,
			);
			defaultConfigurationIsVisible = 0;
			defaultConfigurationName = Release;
		};
/* End XCConfigurationList section */
	};
	rootObject = FE2F539F2B43E88E00A1B18E /* Project object */;
}
